// !$*UTF8*$!
{
	archiveVersion = 1;
	classes = {
	};
	objectVersion = 56;
	objects = {

/* Begin PBXBuildFile section */
		576BAA4A2B80267400327307 /* AppDelegate.swift in Sources */ = {isa = PBXBuildFile; fileRef = 576BAA492B80267400327307 /* AppDelegate.swift */; };
		576BAA4C2B80267400327307 /* SceneDelegate.swift in Sources */ = {isa = PBXBuildFile; fileRef = 576BAA4B2B80267400327307 /* SceneDelegate.swift */; };
		576BAA4E2B80267400327307 /* FirstViewController.swift in Sources */ = {isa = PBXBuildFile; fileRef = 576BAA4D2B80267400327307 /* FirstViewController.swift */; };
		576BAA512B80267400327307 /* Main.storyboard in Resources */ = {isa = PBXBuildFile; fileRef = 576BAA4F2B80267400327307 /* Main.storyboard */; };
		576BAA532B80267500327307 /* Assets.xcassets in Resources */ = {isa = PBXBuildFile; fileRef = 576BAA522B80267500327307 /* Assets.xcassets */; };
		576BAA562B80267500327307 /* LaunchScreen.storyboard in Resources */ = {isa = PBXBuildFile; fileRef = 576BAA542B80267500327307 /* LaunchScreen.storyboard */; };
		57B8309D2B86D7620047A320 /* Lottie in Frameworks */ = {isa = PBXBuildFile; productRef = 57B8309C2B86D7620047A320 /* Lottie */; };
		57B8309F2B86D9710047A320 /* Animation - 1708564556369.json in Resources */ = {isa = PBXBuildFile; fileRef = 57B8309E2B86D9710047A320 /* Animation - 1708564556369.json */; };
		57D81CC02B87BEF800AB66F2 /* 11871-rick-rol.mp3 in Resources */ = {isa = PBXBuildFile; fileRef = 57D81CBF2B87BEF800AB66F2 /* 11871-rick-rol.mp3 */; };
/* End PBXBuildFile section */

/* Begin PBXFileReference section */
		576BAA462B80267400327307 /* clickCounter.app */ = {isa = PBXFileReference; explicitFileType = wrapper.application; includeInIndex = 0; path = clickCounter.app; sourceTree = BUILT_PRODUCTS_DIR; };
		576BAA492B80267400327307 /* AppDelegate.swift */ = {isa = PBXFileReference; lastKnownFileType = sourcecode.swift; path = AppDelegate.swift; sourceTree = "<group>"; };
		576BAA4B2B80267400327307 /* SceneDelegate.swift */ = {isa = PBXFileReference; lastKnownFileType = sourcecode.swift; path = SceneDelegate.swift; sourceTree = "<group>"; };
		576BAA4D2B80267400327307 /* FirstViewController.swift */ = {isa = PBXFileReference; lastKnownFileType = sourcecode.swift; path = FirstViewController.swift; sourceTree = "<group>"; };
		576BAA502B80267400327307 /* Base */ = {isa = PBXFileReference; lastKnownFileType = file.storyboard; name = Base; path = Base.lproj/Main.storyboard; sourceTree = "<group>"; };
		576BAA522B80267500327307 /* Assets.xcassets */ = {isa = PBXFileReference; lastKnownFileType = folder.assetcatalog; path = Assets.xcassets; sourceTree = "<group>"; };
		576BAA552B80267500327307 /* Base */ = {isa = PBXFileReference; lastKnownFileType = file.storyboard; name = Base; path = Base.lproj/LaunchScreen.storyboard; sourceTree = "<group>"; };
		576BAA572B80267500327307 /* Info.plist */ = {isa = PBXFileReference; lastKnownFileType = text.plist.xml; path = Info.plist; sourceTree = "<group>"; };
		57B8309E2B86D9710047A320 /* Animation - 1708564556369.json */ = {isa = PBXFileReference; fileEncoding = 4; lastKnownFileType = text.json; path = "Animation - 1708564556369.json"; sourceTree = "<group>"; };
		57D81CBF2B87BEF800AB66F2 /* 11871-rick-rol.mp3 */ = {isa = PBXFileReference; lastKnownFileType = audio.mp3; path = "11871-rick-rol.mp3"; sourceTree = "<group>"; };
/* End PBXFileReference section */

/* Begin PBXFrameworksBuildPhase section */
		576BAA432B80267400327307 /* Frameworks */ = {
			isa = PBXFrameworksBuildPhase;
			buildActionMask = 2147483647;
			files = (
				57B8309D2B86D7620047A320 /* Lottie in Frameworks */,
			);
			runOnlyForDeploymentPostprocessing = 0;
		};
/* End PBXFrameworksBuildPhase section */

/* Begin PBXGroup section */
		576BAA3D2B80267400327307 = {
			isa = PBXGroup;
			children = (
				576BAA482B80267400327307 /* clickCounter */,
				576BAA472B80267400327307 /* Products */,
			);
			sourceTree = "<group>";
		};
		576BAA472B80267400327307 /* Products */ = {
			isa = PBXGroup;
			children = (
				576BAA462B80267400327307 /* clickCounter.app */,
			);
			name = Products;
			sourceTree = "<group>";
		};
		576BAA482B80267400327307 /* clickCounter */ = {
			isa = PBXGroup;
			children = (
				576BAA492B80267400327307 /* AppDelegate.swift */,
				576BAA4B2B80267400327307 /* SceneDelegate.swift */,
				576BAA4D2B80267400327307 /* FirstViewController.swift */,
				576BAA4F2B80267400327307 /* Main.storyboard */,
				576BAA522B80267500327307 /* Assets.xcassets */,
				576BAA542B80267500327307 /* LaunchScreen.storyboard */,
				576BAA572B80267500327307 /* Info.plist */,
				57B8309E2B86D9710047A320 /* Animation - 1708564556369.json */,
				57D81CBF2B87BEF800AB66F2 /* 11871-rick-rol.mp3 */,
			);
			path = clickCounter;
			sourceTree = "<group>";
		};
/* End PBXGroup section */

/* Begin PBXNativeTarget section */
		576BAA452B80267400327307 /* clickCounter */ = {
			isa = PBXNativeTarget;
			buildConfigurationList = 576BAA5A2B80267500327307 /* Build configuration list for PBXNativeTarget "clickCounter" */;
			buildPhases = (
				576BAA422B80267400327307 /* Sources */,
				576BAA432B80267400327307 /* Frameworks */,
				576BAA442B80267400327307 /* Resources */,
			);
			buildRules = (
			);
			dependencies = (
			);
			name = clickCounter;
			packageProductDependencies = (
				57B8309C2B86D7620047A320 /* Lottie */,
			);
			productName = clickCounter;
			productReference = 576BAA462B80267400327307 /* clickCounter.app */;
			productType = "com.apple.product-type.application";
		};
/* End PBXNativeTarget section */

/* Begin PBXProject section */
		576BAA3E2B80267400327307 /* Project object */ = {
			isa = PBXProject;
			attributes = {
				BuildIndependentTargetsInParallel = 1;
				LastSwiftUpdateCheck = 1520;
				LastUpgradeCheck = 1520;
				TargetAttributes = {
					576BAA452B80267400327307 = {
						CreatedOnToolsVersion = 15.2;
					};
				};
			};
			buildConfigurationList = 576BAA412B80267400327307 /* Build configuration list for PBXProject "clickCounter" */;
			compatibilityVersion = "Xcode 14.0";
			developmentRegion = en;
			hasScannedForEncodings = 0;
			knownRegions = (
				en,
				Base,
			);
			mainGroup = 576BAA3D2B80267400327307;
			packageReferences = (
				57B8309B2B86D7620047A320 /* XCRemoteSwiftPackageReference "lottie-ios" */,
			);
			productRefGroup = 576BAA472B80267400327307 /* Products */;
			projectDirPath = "";
			projectRoot = "";
			targets = (
				576BAA452B80267400327307 /* clickCounter */,
			);
		};
/* End PBXProject section */

/* Begin PBXResourcesBuildPhase section */
		576BAA442B80267400327307 /* Resources */ = {
			isa = PBXResourcesBuildPhase;
			buildActionMask = 2147483647;
			files = (
				57B8309F2B86D9710047A320 /* Animation - 1708564556369.json in Resources */,
				576BAA562B80267500327307 /* LaunchScreen.storyboard in Resources */,
				57D81CC02B87BEF800AB66F2 /* 11871-rick-rol.mp3 in Resources */,
				576BAA532B80267500327307 /* Assets.xcassets in Resources */,
				576BAA512B80267400327307 /* Main.storyboard in Resources */,
			);
			runOnlyForDeploymentPostprocessing = 0;
		};
/* End PBXResourcesBuildPhase section */

/* Begin PBXSourcesBuildPhase section */
		576BAA422B80267400327307 /* Sources */ = {
			isa = PBXSourcesBuildPhase;
			buildActionMask = 2147483647;
			files = (
				576BAA4E2B80267400327307 /* FirstViewController.swift in Sources */,
				576BAA4A2B80267400327307 /* AppDelegate.swift in Sources */,
				576BAA4C2B80267400327307 /* SceneDelegate.swift in Sources */,
			);
			runOnlyForDeploymentPostprocessing = 0;
		};
/* End PBXSourcesBuildPhase section */

/* Begin PBXVariantGroup section */
		576BAA4F2B80267400327307 /* Main.storyboard */ = {
			isa = PBXVariantGroup;
			children = (
				576BAA502B80267400327307 /* Base */,
			);
			name = Main.storyboard;
			sourceTree = "<group>";
		};
		576BAA542B80267500327307 /* LaunchScreen.storyboard */ = {
			isa = PBXVariantGroup;
			children = (
				576BAA552B80267500327307 /* Base */,
			);
			name = LaunchScreen.storyboard;
			sourceTree = "<group>";
		};
/* End PBXVariantGroup section */

/* Begin XCBuildConfiguration section */
		576BAA582B80267500327307 /* Debug */ = {
			isa = XCBuildConfiguration;
			buildSettings = {
				ALWAYS_SEARCH_USER_PATHS = NO;
				ASSETCATALOG_COMPILER_GENERATE_SWIFT_ASSET_SYMBOL_EXTENSIONS = YES;
				CLANG_ANALYZER_NONNULL = YES;
				CLANG_ANALYZER_NUMBER_OBJECT_CONVERSION = YES_AGGRESSIVE;
				CLANG_CXX_LANGUAGE_STANDARD = "gnu++20";
				CLANG_ENABLE_MODULES = YES;
				CLANG_ENABLE_OBJC_ARC = YES;
				CLANG_ENABLE_OBJC_WEAK = YES;
				CLANG_WARN_BLOCK_CAPTURE_AUTORELEASING = YES;
				CLANG_WARN_BOOL_CONVERSION = YES;
				CLANG_WARN_COMMA = YES;
				CLANG_WARN_CONSTANT_CONVERSION = YES;
				CLANG_WARN_DEPRECATED_OBJC_IMPLEMENTATIONS = YES;
				CLANG_WARN_DIRECT_OBJC_ISA_USAGE = YES_ERROR;
				CLANG_WARN_DOCUMENTATION_COMMENTS = YES;
				CLANG_WARN_EMPTY_BODY = YES;
				CLANG_WARN_ENUM_CONVERSION = YES;
				CLANG_WARN_INFINITE_RECURSION = YES;
				CLANG_WARN_INT_CONVERSION = YES;
				CLANG_WARN_NON_LITERAL_NULL_CONVERSION = YES;
				CLANG_WARN_OBJC_IMPLICIT_RETAIN_SELF = YES;
				CLANG_WARN_OBJC_LITERAL_CONVERSION = YES;
				CLANG_WARN_OBJC_ROOT_CLASS = YES_ERROR;
				CLANG_WARN_QUOTED_INCLUDE_IN_FRAMEWORK_HEADER = YES;
				CLANG_WARN_RANGE_LOOP_ANALYSIS = YES;
				CLANG_WARN_STRICT_PROTOTYPES = YES;
				CLANG_WARN_SUSPICIOUS_MOVE = YES;
				CLANG_WARN_UNGUARDED_AVAILABILITY = YES_AGGRESSIVE;
				CLANG_WARN_UNREACHABLE_CODE = YES;
				CLANG_WARN__DUPLICATE_METHOD_MATCH = YES;
				COPY_PHASE_STRIP = NO;
				DEBUG_INFORMATION_FORMAT = dwarf;
				ENABLE_STRICT_OBJC_MSGSEND = YES;
				ENABLE_TESTABILITY = YES;
				ENABLE_USER_SCRIPT_SANDBOXING = YES;
				GCC_C_LANGUAGE_STANDARD = gnu17;
				GCC_DYNAMIC_NO_PIC = NO;
				GCC_NO_COMMON_BLOCKS = YES;
				GCC_OPTIMIZATION_LEVEL = 0;
				GCC_PREPROCESSOR_DEFINITIONS = (
					"DEBUG=1",
					"$(inherited)",
				);
				GCC_WARN_64_TO_32_BIT_CONVERSION = YES;
				GCC_WARN_ABOUT_RETURN_TYPE = YES_ERROR;
				GCC_WARN_UNDECLARED_SELECTOR = YES;
				GCC_WARN_UNINITIALIZED_AUTOS = YES_AGGRESSIVE;
				GCC_WARN_UNUSED_FUNCTION = YES;
				GCC_WARN_UNUSED_VARIABLE = YES;
				IPHONEOS_DEPLOYMENT_TARGET = 17.2;
				LOCALIZATION_PREFERS_STRING_CATALOGS = YES;
				MTL_ENABLE_DEBUG_INFO = INCLUDE_SOURCE;
				MTL_FAST_MATH = YES;
				ONLY_ACTIVE_ARCH = YES;
				SDKROOT = iphoneos;
				SWIFT_ACTIVE_COMPILATION_CONDITIONS = "DEBUG $(inherited)";
				SWIFT_OPTIMIZATION_LEVEL = "-Onone";
			};
			name = Debug;
		};
		576BAA592B80267500327307 /* Release */ = {
			isa = XCBuildConfiguration;
			buildSettings = {
				ALWAYS_SEARCH_USER_PATHS = NO;
				ASSETCATALOG_COMPILER_GENERATE_SWIFT_ASSET_SYMBOL_EXTENSIONS = YES;
				CLANG_ANALYZER_NONNULL = YES;
				CLANG_ANALYZER_NUMBER_OBJECT_CONVERSION = YES_AGGRESSIVE;
				CLANG_CXX_LANGUAGE_STANDARD = "gnu++20";
				CLANG_ENABLE_MODULES = YES;
				CLANG_ENABLE_OBJC_ARC = YES;
				CLANG_ENABLE_OBJC_WEAK = YES;
				CLANG_WARN_BLOCK_CAPTURE_AUTORELEASING = YES;
				CLANG_WARN_BOOL_CONVERSION = YES;
				CLANG_WARN_COMMA = YES;
				CLANG_WARN_CONSTANT_CONVERSION = YES;
				CLANG_WARN_DEPRECATED_OBJC_IMPLEMENTATIONS = YES;
				CLANG_WARN_DIRECT_OBJC_ISA_USAGE = YES_ERROR;
				CLANG_WARN_DOCUMENTATION_COMMENTS = YES;
				CLANG_WARN_EMPTY_BODY = YES;
				CLANG_WARN_ENUM_CONVERSION = YES;
				CLANG_WARN_INFINITE_RECURSION = YES;
				CLANG_WARN_INT_CONVERSION = YES;
				CLANG_WARN_NON_LITERAL_NULL_CONVERSION = YES;
				CLANG_WARN_OBJC_IMPLICIT_RETAIN_SELF = YES;
				CLANG_WARN_OBJC_LITERAL_CONVERSION = YES;
				CLANG_WARN_OBJC_ROOT_CLASS = YES_ERROR;
				CLANG_WARN_QUOTED_INCLUDE_IN_FRAMEWORK_HEADER = YES;
				CLANG_WARN_RANGE_LOOP_ANALYSIS = YES;
				CLANG_WARN_STRICT_PROTOTYPES = YES;
				CLANG_WARN_SUSPICIOUS_MOVE = YES;
				CLANG_WARN_UNGUARDED_AVAILABILITY = YES_AGGRESSIVE;
				CLANG_WARN_UNREACHABLE_CODE = YES;
				CLANG_WARN__DUPLICATE_METHOD_MATCH = YES;
				COPY_PHASE_STRIP = NO;
				DEBUG_INFORMATION_FORMAT = "dwarf-with-dsym";
				ENABLE_NS_ASSERTIONS = NO;
				ENABLE_STRICT_OBJC_MSGSEND = YES;
				ENABLE_USER_SCRIPT_SANDBOXING = YES;
				GCC_C_LANGUAGE_STANDARD = gnu17;
				GCC_NO_COMMON_BLOCKS = YES;
				GCC_WARN_64_TO_32_BIT_CONVERSION = YES;
				GCC_WARN_ABOUT_RETURN_TYPE = YES_ERROR;
				GCC_WARN_UNDECLARED_SELECTOR = YES;
				GCC_WARN_UNINITIALIZED_AUTOS = YES_AGGRESSIVE;
				GCC_WARN_UNUSED_FUNCTION = YES;
				GCC_WARN_UNUSED_VARIABLE = YES;
				IPHONEOS_DEPLOYMENT_TARGET = 17.2;
				LOCALIZATION_PREFERS_STRING_CATALOGS = YES;
				MTL_ENABLE_DEBUG_INFO = NO;
				MTL_FAST_MATH = YES;
				SDKROOT = iphoneos;
				SWIFT_COMPILATION_MODE = wholemodule;
				VALIDATE_PRODUCT = YES;
			};
			name = Release;
		};
		576BAA5B2B80267500327307 /* Debug */ = {
			isa = XCBuildConfiguration;
			buildSettings = {
				ASSETCATALOG_COMPILER_APPICON_NAME = AppIcon;
				ASSETCATALOG_COMPILER_GLOBAL_ACCENT_COLOR_NAME = AccentColor;
				CODE_SIGN_STYLE = Automatic;
				CURRENT_PROJECT_VERSION = 1;
				DEVELOPMENT_TEAM = 4VN277S2VR;
				GENERATE_INFOPLIST_FILE = YES;
				INFOPLIST_FILE = clickCounter/Info.plist;
				INFOPLIST_KEY_UIApplicationSupportsIndirectInputEvents = YES;
				INFOPLIST_KEY_UILaunchStoryboardName = LaunchScreen;
				INFOPLIST_KEY_UIMainStoryboardFile = Main;
				INFOPLIST_KEY_UISupportedInterfaceOrientations = UIInterfaceOrientationPortrait;
				INFOPLIST_KEY_UISupportedInterfaceOrientations_iPad = "UIInterfaceOrientationLandscapeLeft UIInterfaceOrientationLandscapeRight UIInterfaceOrientationPortrait UIInterfaceOrientationPortraitUpsideDown";
				LD_RUNPATH_SEARCH_PATHS = (
					"$(inherited)",
					"@executable_path/Frameworks",
				);
				MARKETING_VERSION = 1.0;
				PRODUCT_BUNDLE_IDENTIFIER = com.the314.clickCounter;
				PRODUCT_NAME = "$(TARGET_NAME)";
				SWIFT_EMIT_LOC_STRINGS = YES;
				SWIFT_VERSION = 5.0;
				TARGETED_DEVICE_FAMILY = "1,2";
			};
			name = Debug;
		};
		576BAA5C2B80267500327307 /* Release */ = {
			isa = XCBuildConfiguration;
			buildSettings = {
				ASSETCATALOG_COMPILER_APPICON_NAME = AppIcon;
				ASSETCATALOG_COMPILER_GLOBAL_ACCENT_COLOR_NAME = AccentColor;
				CODE_SIGN_STYLE = Automatic;
				CURRENT_PROJECT_VERSION = 1;
				DEVELOPMENT_TEAM = 4VN277S2VR;
				GENERATE_INFOPLIST_FILE = YES;
				INFOPLIST_FILE = clickCounter/Info.plist;
				INFOPLIST_KEY_UIApplicationSupportsIndirectInputEvents = YES;
				INFOPLIST_KEY_UILaunchStoryboardName = LaunchScreen;
				INFOPLIST_KEY_UIMainStoryboardFile = Main;
				INFOPLIST_KEY_UISupportedInterfaceOrientations = UIInterfaceOrientationPortrait;
				INFOPLIST_KEY_UISupportedInterfaceOrientations_iPad = "UIInterfaceOrientationLandscapeLeft UIInterfaceOrientationLandscapeRight UIInterfaceOrientationPortrait UIInterfaceOrientationPortraitUpsideDown";
				LD_RUNPATH_SEARCH_PATHS = (
					"$(inherited)",
					"@executable_path/Frameworks",
				);
				MARKETING_VERSION = 1.0;
				PRODUCT_BUNDLE_IDENTIFIER = com.the314.clickCounter;
				PRODUCT_NAME = "$(TARGET_NAME)";
				SWIFT_EMIT_LOC_STRINGS = YES;
				SWIFT_VERSION = 5.0;
				TARGETED_DEVICE_FAMILY = "1,2";
			};
			name = Release;
		};
/* End XCBuildConfiguration section */

/* Begin XCConfigurationList section */
		576BAA412B80267400327307 /* Build configuration list for PBXProject "clickCounter" */ = {
			isa = XCConfigurationList;
			buildConfigurations = (
				576BAA582B80267500327307 /* Debug */,
				576BAA592B80267500327307 /* Release */,
			);
			defaultConfigurationIsVisible = 0;
			defaultConfigurationName = Release;
		};
		576BAA5A2B80267500327307 /* Build configuration list for PBXNativeTarget "clickCounter" */ = {
			isa = XCConfigurationList;
			buildConfigurations = (
				576BAA5B2B80267500327307 /* Debug */,
				576BAA5C2B80267500327307 /* Release */,
			);
			defaultConfigurationIsVisible = 0;
			defaultConfigurationName = Release;
		};
/* End XCConfigurationList section */

/* Begin XCRemoteSwiftPackageReference section */
		57B8309B2B86D7620047A320 /* XCRemoteSwiftPackageReference "lottie-ios" */ = {
			isa = XCRemoteSwiftPackageReference;
			repositoryURL = "https://github.com/airbnb/lottie-ios";
			requirement = {
				kind = upToNextMajorVersion;
				minimumVersion = 4.4.1;
			};
		};
/* End XCRemoteSwiftPackageReference section */

/* Begin XCSwiftPackageProductDependency section */
		57B8309C2B86D7620047A320 /* Lottie */ = {
			isa = XCSwiftPackageProductDependency;
			package = 57B8309B2B86D7620047A320 /* XCRemoteSwiftPackageReference "lottie-ios" */;
			productName = Lottie;
		};
/* End XCSwiftPackageProductDependency section */
	};
	rootObject = 576BAA3E2B80267400327307 /* Project object */;
}
